
Microsoft Visual Studio Solution File, Format Version 11.00
# Visual Studio 2010
Project("{FAE04EC0-301F-11D3-BF4B-00C04F79EFBC}") = "Core", "ETravel\Core.csproj", "{C1064525-8879-49AB-9197-194C83680627}"
EndProject
Project("{FAE04EC0-301F-11D3-BF4B-00C04F79EFBC}") = "TestUI", "TestUI\TestUI.csproj", "{0078E58B-98BA-4FCB-846C-5B2204C3B7DF}"
EndProject
Project("{FAE04EC0-301F-11D3-BF4B-00C04F79EFBC}") = "Test", "Test\Test.csproj", "{AAD9CBCE-EF05-4C3E-8700-B49B3EAC2796}"
EndProject
Project("{2150E333-8FDC-42A3-9474-1A3956D46DE8}") = "Solution Items", "Solution Items", "{ADE80C11-1606-492B-B2BB-1EC089A1DFE6}"
	ProjectSection(SolutionItems) = preProject
		ETravel.vsmdi = ETravel.vsmdi
		Local.testsettings = Local.testsettings
		TraceAndTestImpact.testsettings = TraceAndTestImpact.testsettings
	EndProjectSection
EndProject
Global
	GlobalSection(TestCaseManagementSettings) = postSolution
		CategoryFile = ETravel.vsmdi
	EndGlobalSection
	GlobalSection(SolutionConfigurationPlatforms) = preSolution
		Debug|Any CPU = Debug|Any CPU
		Debug|Mixed Platforms = Debug|Mixed Platforms
		Debug|x86 = Debug|x86
		Release|Any CPU = Release|Any CPU
		Release|Mixed Platforms = Release|Mixed Platforms
		Release|x86 = Release|x86
	EndGlobalSection
	GlobalSection(ProjectConfigurationPlatforms) = postSolution
		{C1064525-8879-49AB-9197-194C83680627}.Debug|Any CPU.ActiveCfg = Debug|Any CPU
		{C1064525-8879-49AB-9197-194C83680627}.Debug|Any CPU.Build.0 = Debug|Any CPU
		{C1064525-8879-49AB-9197-194C83680627}.Debug|Mixed Platforms.ActiveCfg = Debug|Any CPU
		{C1064525-8879-49AB-9197-194C83680627}.Debug|Mixed Platforms.Build.0 = Debug|Any CPU
		{C1064525-8879-49AB-9197-194C83680627}.Debug|x86.ActiveCfg = Debug|Any CPU
		{C1064525-8879-49AB-9197-194C83680627}.Release|Any CPU.ActiveCfg = Release|Any CPU
		{C1064525-8879-49AB-9197-194C83680627}.Release|Any CPU.Build.0 = Release|Any CPU
		{C1064525-8879-49AB-9197-194C83680627}.Release|Mixed Platforms.ActiveCfg = Release|Any CPU
		{C1064525-8879-49AB-9197-194C83680627}.Release|Mixed Platforms.Build.0 = Release|Any CPU
		{C1064525-8879-49AB-9197-194C83680627}.Release|x86.ActiveCfg = Release|Any CPU
		{0078E58B-98BA-4FCB-846C-5B2204C3B7DF}.Debug|Any CPU.ActiveCfg = Debug|x86
		{0078E58B-98BA-4FCB-846C-5B2204C3B7DF}.Debug|Mixed Platforms.ActiveCfg = Debug|x86
		{0078E58B-98BA-4FCB-846C-5B2204C3B7DF}.Debug|Mixed Platforms.Build.0 = Debug|x86
		{0078E58B-98BA-4FCB-846C-5B2204C3B7DF}.Debug|x86.ActiveCfg = Debug|x86
		{0078E58B-98BA-4FCB-846C-5B2204C3B7DF}.Debug|x86.Build.0 = Debug|x86
		{0078E58B-98BA-4FCB-846C-5B2204C3B7DF}.Release|Any CPU.ActiveCfg = Release|x86
		{0078E58B-98BA-4FCB-846C-5B2204C3B7DF}.Release|Mixed Platforms.ActiveCfg = Release|x86
		{0078E58B-98BA-4FCB-846C-5B2204C3B7DF}.Release|Mixed Platforms.Build.0 = Release|x86
		{0078E58B-98BA-4FCB-846C-5B2204C3B7DF}.Release|x86.ActiveCfg = Release|x86
		{0078E58B-98BA-4FCB-846C-5B2204C3B7DF}.Release|x86.Build.0 = Release|x86
		{AAD9CBCE-EF05-4C3E-8700-B49B3EAC2796}.Debug|Any CPU.ActiveCfg = Debug|Any CPU
		{AAD9CBCE-EF05-4C3E-8700-B49B3EAC2796}.Debug|Any CPU.Build.0 = Debug|Any CPU
		{AAD9CBCE-EF05-4C3E-8700-B49B3EAC2796}.Debug|Mixed Platforms.ActiveCfg = Debug|Any CPU
		{AAD9CBCE-EF05-4C3E-8700-B49B3EAC2796}.Debug|Mixed Platforms.Build.0 = Debug|Any CPU
		{AAD9CBCE-EF05-4C3E-8700-B49B3EAC2796}.Debug|x86.ActiveCfg = Debug|Any CPU
		{AAD9CBCE-EF05-4C3E-8700-B49B3EAC2796}.Release|Any CPU.ActiveCfg = Release|Any CPU
		{AAD9CBCE-EF05-4C3E-8700-B49B3EAC2796}.Release|Any CPU.Build.0 = Release|Any CPU
		{AAD9CBCE-EF05-4C3E-8700-B49B3EAC2796}.Release|Mixed Platforms.ActiveCfg = Release|Any CPU
		{AAD9CBCE-EF05-4C3E-8700-B49B3EAC2796}.Release|Mixed Platforms.Build.0 = Release|Any CPU
		{AAD9CBCE-EF05-4C3E-8700-B49B3EAC2796}.Release|x86.ActiveCfg = Release|Any CPU
	EndGlobalSection
	GlobalSection(SolutionProperties) = preSolution
		HideSolutionNode = FALSE
	EndGlobalSection
EndGlobal
